
Microsoft Visual Studio Solution File, Format Version 12.00
# Visual Studio Version 17
VisualStudioVersion = 17.9.34622.214
MinimumVisualStudioVersion = 10.0.40219.1
Project("{FAE04EC0-301F-11D3-BF4B-00C04F79EFBC}") = "Sorting", "Sorting\Sorting.csproj", "{EC19C3B7-4095-45E7-890E-41029539D1BE}"
EndProject
Global
	GlobalSection(SolutionConfigurationPlatforms) = preSolution
		Debug|Any CPU = Debug|Any CPU
		Release|Any CPU = Release|Any CPU
	EndGlobalSection
	GlobalSection(ProjectConfigurationPlatforms) = postSolution
		{EC19C3B7-4095-45E7-890E-41029539D1BE}.Debug|Any CPU.ActiveCfg = Debug|Any CPU
		{EC19C3B7-4095-45E7-890E-41029539D1BE}.Debug|Any CPU.Build.0 = Debug|Any CPU
		{EC19C3B7-4095-45E7-890E-41029539D1BE}.Release|Any CPU.ActiveCfg = Release|Any CPU
		{EC19C3B7-4095-45E7-890E-41029539D1BE}.Release|Any CPU.Build.0 = Release|Any CPU
	EndGlobalSection
	GlobalSection(SolutionProperties) = preSolution
		HideSolutionNode = FALSE
	EndGlobalSection
	GlobalSection(ExtensibilityGlobals) = postSolution
		SolutionGuid = {8D832DF5-DD2C-4259-BABA-C4C08489B250}
	EndGlobalSection
EndGlobal
